// !$*UTF8*$!
{
	archiveVersion = 1;
	classes = {
	};
	objectVersion = 51;
	objects = {

/* Begin PBXBuildFile section */
		4AF336A77E89FB451492011A /* Pods_MakeUp_Kit.framework in Frameworks */ = {isa = PBXBuildFile; fileRef = C574E1594689AE4250B5932A /* Pods_MakeUp_Kit.framework */; };
		9C64C7F8248186A4004624E0 /* AppDelegate.swift in Sources */ = {isa = PBXBuildFile; fileRef = 9C64C7F7248186A4004624E0 /* AppDelegate.swift */; };
		9C64C7FA248186A4004624E0 /* SceneDelegate.swift in Sources */ = {isa = PBXBuildFile; fileRef = 9C64C7F9248186A4004624E0 /* SceneDelegate.swift */; };
		9C64C801248186A4004624E0 /* Main.storyboard in Resources */ = {isa = PBXBuildFile; fileRef = 9C64C7FF248186A4004624E0 /* Main.storyboard */; };
		9C64C804248186A4004624E0 /* MakeUp_Kit.xcdatamodeld in Sources */ = {isa = PBXBuildFile; fileRef = 9C64C802248186A4004624E0 /* MakeUp_Kit.xcdatamodeld */; };
		9C64C806248186A8004624E0 /* Assets.xcassets in Resources */ = {isa = PBXBuildFile; fileRef = 9C64C805248186A8004624E0 /* Assets.xcassets */; };
		9C64C809248186A8004624E0 /* LaunchScreen.storyboard in Resources */ = {isa = PBXBuildFile; fileRef = 9C64C807248186A8004624E0 /* LaunchScreen.storyboard */; };
		9C64C815248188D4004624E0 /* Settings.storyboard in Resources */ = {isa = PBXBuildFile; fileRef = 9C64C814248188D4004624E0 /* Settings.storyboard */; };
		9C64C81724818913004624E0 /* AllProducts.storyboard in Resources */ = {isa = PBXBuildFile; fileRef = 9C64C81624818913004624E0 /* AllProducts.storyboard */; };
		9C64C81A24818B71004624E0 /* Home.storyboard in Resources */ = {isa = PBXBuildFile; fileRef = 9C64C81924818B71004624E0 /* Home.storyboard */; };
		9C64C83224819833004624E0 /* Poppins-SemiBold.ttf in Resources */ = {isa = PBXBuildFile; fileRef = 9C64C82F24819833004624E0 /* Poppins-SemiBold.ttf */; };
		9C64C83324819833004624E0 /* Poppins-Light.ttf in Resources */ = {isa = PBXBuildFile; fileRef = 9C64C83024819833004624E0 /* Poppins-Light.ttf */; };
		9C64C83424819833004624E0 /* Poppins-Regular.ttf in Resources */ = {isa = PBXBuildFile; fileRef = 9C64C83124819833004624E0 /* Poppins-Regular.ttf */; };
		9C64C8362481AC07004624E0 /* HomeViewController.swift in Sources */ = {isa = PBXBuildFile; fileRef = 9C64C8352481AC07004624E0 /* HomeViewController.swift */; };
		9C64C8382482BF2B004624E0 /* MySectionCollectionViewCell.swift in Sources */ = {isa = PBXBuildFile; fileRef = 9C64C8372482BF2B004624E0 /* MySectionCollectionViewCell.swift */; };
		9C64C83A2482C468004624E0 /* Section.swift in Sources */ = {isa = PBXBuildFile; fileRef = 9C64C8392482C468004624E0 /* Section.swift */; };
		9C64C83C2482D0F9004624E0 /* MyKitViewController.swift in Sources */ = {isa = PBXBuildFile; fileRef = 9C64C83B2482D0F9004624E0 /* MyKitViewController.swift */; };
		9C64C8402483023B004624E0 /* AllProductsViewController.swift in Sources */ = {isa = PBXBuildFile; fileRef = 9C64C83F2483023B004624E0 /* AllProductsViewController.swift */; };
		9C64C8422483042A004624E0 /* ProductRequest.swift in Sources */ = {isa = PBXBuildFile; fileRef = 9C64C8412483042A004624E0 /* ProductRequest.swift */; };
		9C64C844248304D4004624E0 /* ProductResponse.swift in Sources */ = {isa = PBXBuildFile; fileRef = 9C64C843248304D4004624E0 /* ProductResponse.swift */; };
		9C64C84624830513004624E0 /* imageDownload.swift in Sources */ = {isa = PBXBuildFile; fileRef = 9C64C84524830513004624E0 /* imageDownload.swift */; };
		9C64C8482483055C004624E0 /* DBManager.swift in Sources */ = {isa = PBXBuildFile; fileRef = 9C64C8472483055C004624E0 /* DBManager.swift */; };
		9C64C84A24830BEE004624E0 /* ProductDetailsViewController.swift in Sources */ = {isa = PBXBuildFile; fileRef = 9C64C84924830BEE004624E0 /* ProductDetailsViewController.swift */; };
		9C64C84C24830C08004624E0 /* ProductCollectionViewCell.swift in Sources */ = {isa = PBXBuildFile; fileRef = 9C64C84B24830C08004624E0 /* ProductCollectionViewCell.swift */; };
/* End PBXBuildFile section */

/* Begin PBXFileReference section */
		1BD07B2BAE348CDD7A3DFB9C /* Pods-MakeUp Kit.release.xcconfig */ = {isa = PBXFileReference; includeInIndex = 1; lastKnownFileType = text.xcconfig; name = "Pods-MakeUp Kit.release.xcconfig"; path = "Target Support Files/Pods-MakeUp Kit/Pods-MakeUp Kit.release.xcconfig"; sourceTree = "<group>"; };
		2D845F8AEDBF7D1609FA74B1 /* Pods-MakeUp Kit.debug.xcconfig */ = {isa = PBXFileReference; includeInIndex = 1; lastKnownFileType = text.xcconfig; name = "Pods-MakeUp Kit.debug.xcconfig"; path = "Target Support Files/Pods-MakeUp Kit/Pods-MakeUp Kit.debug.xcconfig"; sourceTree = "<group>"; };
		9C64C7F4248186A4004624E0 /* MakeUp Kit.app */ = {isa = PBXFileReference; explicitFileType = wrapper.application; includeInIndex = 0; path = "MakeUp Kit.app"; sourceTree = BUILT_PRODUCTS_DIR; };
		9C64C7F7248186A4004624E0 /* AppDelegate.swift */ = {isa = PBXFileReference; lastKnownFileType = sourcecode.swift; path = AppDelegate.swift; sourceTree = "<group>"; };
		9C64C7F9248186A4004624E0 /* SceneDelegate.swift */ = {isa = PBXFileReference; lastKnownFileType = sourcecode.swift; path = SceneDelegate.swift; sourceTree = "<group>"; };
		9C64C800248186A4004624E0 /* Base */ = {isa = PBXFileReference; lastKnownFileType = file.storyboard; name = Base; path = Base.lproj/Main.storyboard; sourceTree = "<group>"; };
		9C64C803248186A4004624E0 /* MakeUp_Kit.xcdatamodel */ = {isa = PBXFileReference; lastKnownFileType = wrapper.xcdatamodel; path = MakeUp_Kit.xcdatamodel; sourceTree = "<group>"; };
		9C64C805248186A8004624E0 /* Assets.xcassets */ = {isa = PBXFileReference; lastKnownFileType = folder.assetcatalog; path = Assets.xcassets; sourceTree = "<group>"; };
		9C64C808248186A8004624E0 /* Base */ = {isa = PBXFileReference; lastKnownFileType = file.storyboard; name = Base; path = Base.lproj/LaunchScreen.storyboard; sourceTree = "<group>"; };
		9C64C80A248186A8004624E0 /* Info.plist */ = {isa = PBXFileReference; lastKnownFileType = text.plist.xml; path = Info.plist; sourceTree = "<group>"; };
		9C64C814248188D4004624E0 /* Settings.storyboard */ = {isa = PBXFileReference; lastKnownFileType = file.storyboard; path = Settings.storyboard; sourceTree = "<group>"; };
		9C64C81624818913004624E0 /* AllProducts.storyboard */ = {isa = PBXFileReference; lastKnownFileType = file.storyboard; path = AllProducts.storyboard; sourceTree = "<group>"; };
		9C64C81924818B71004624E0 /* Home.storyboard */ = {isa = PBXFileReference; lastKnownFileType = file.storyboard; path = Home.storyboard; sourceTree = "<group>"; };
		9C64C82F24819833004624E0 /* Poppins-SemiBold.ttf */ = {isa = PBXFileReference; lastKnownFileType = file; path = "Poppins-SemiBold.ttf"; sourceTree = "<group>"; };
		9C64C83024819833004624E0 /* Poppins-Light.ttf */ = {isa = PBXFileReference; lastKnownFileType = file; path = "Poppins-Light.ttf"; sourceTree = "<group>"; };
		9C64C83124819833004624E0 /* Poppins-Regular.ttf */ = {isa = PBXFileReference; lastKnownFileType = file; path = "Poppins-Regular.ttf"; sourceTree = "<group>"; };
		9C64C8352481AC07004624E0 /* HomeViewController.swift */ = {isa = PBXFileReference; lastKnownFileType = sourcecode.swift; path = HomeViewController.swift; sourceTree = "<group>"; };
		9C64C8372482BF2B004624E0 /* MySectionCollectionViewCell.swift */ = {isa = PBXFileReference; lastKnownFileType = sourcecode.swift; path = MySectionCollectionViewCell.swift; sourceTree = "<group>"; };
		9C64C8392482C468004624E0 /* Section.swift */ = {isa = PBXFileReference; lastKnownFileType = sourcecode.swift; path = Section.swift; sourceTree = "<group>"; };
		9C64C83B2482D0F9004624E0 /* MyKitViewController.swift */ = {isa = PBXFileReference; lastKnownFileType = sourcecode.swift; path = MyKitViewController.swift; sourceTree = "<group>"; };
		9C64C83F2483023B004624E0 /* AllProductsViewController.swift */ = {isa = PBXFileReference; lastKnownFileType = sourcecode.swift; path = AllProductsViewController.swift; sourceTree = "<group>"; };
		9C64C8412483042A004624E0 /* ProductRequest.swift */ = {isa = PBXFileReference; lastKnownFileType = sourcecode.swift; path = ProductRequest.swift; sourceTree = "<group>"; };
		9C64C843248304D4004624E0 /* ProductResponse.swift */ = {isa = PBXFileReference; lastKnownFileType = sourcecode.swift; path = ProductResponse.swift; sourceTree = "<group>"; };
		9C64C84524830513004624E0 /* imageDownload.swift */ = {isa = PBXFileReference; lastKnownFileType = sourcecode.swift; path = imageDownload.swift; sourceTree = "<group>"; };
		9C64C8472483055C004624E0 /* DBManager.swift */ = {isa = PBXFileReference; lastKnownFileType = sourcecode.swift; path = DBManager.swift; sourceTree = "<group>"; };
		9C64C84924830BEE004624E0 /* ProductDetailsViewController.swift */ = {isa = PBXFileReference; lastKnownFileType = sourcecode.swift; path = ProductDetailsViewController.swift; sourceTree = "<group>"; };
		9C64C84B24830C08004624E0 /* ProductCollectionViewCell.swift */ = {isa = PBXFileReference; lastKnownFileType = sourcecode.swift; path = ProductCollectionViewCell.swift; sourceTree = "<group>"; };
		C574E1594689AE4250B5932A /* Pods_MakeUp_Kit.framework */ = {isa = PBXFileReference; explicitFileType = wrapper.framework; includeInIndex = 0; path = Pods_MakeUp_Kit.framework; sourceTree = BUILT_PRODUCTS_DIR; };
/* End PBXFileReference section */

/* Begin PBXFrameworksBuildPhase section */
		9C64C7F1248186A4004624E0 /* Frameworks */ = {
			isa = PBXFrameworksBuildPhase;
			buildActionMask = 2147483647;
			files = (
				4AF336A77E89FB451492011A /* Pods_MakeUp_Kit.framework in Frameworks */,
			);
			runOnlyForDeploymentPostprocessing = 0;
		};
/* End PBXFrameworksBuildPhase section */

/* Begin PBXGroup section */
		25EB63C5243A114F1941EFB8 /* Frameworks */ = {
			isa = PBXGroup;
			children = (
				C574E1594689AE4250B5932A /* Pods_MakeUp_Kit.framework */,
			);
			name = Frameworks;
			sourceTree = "<group>";
		};
		9C64C7EB248186A4004624E0 = {
			isa = PBXGroup;
			children = (
				9C64C7F6248186A4004624E0 /* MakeUp Kit */,
				9C64C7F5248186A4004624E0 /* Products */,
				DDDC1DF56D8CE98ED1BC8704 /* Pods */,
				25EB63C5243A114F1941EFB8 /* Frameworks */,
			);
			sourceTree = "<group>";
		};
		9C64C7F5248186A4004624E0 /* Products */ = {
			isa = PBXGroup;
			children = (
				9C64C7F4248186A4004624E0 /* MakeUp Kit.app */,
			);
			name = Products;
			sourceTree = "<group>";
		};
		9C64C7F6248186A4004624E0 /* MakeUp Kit */ = {
			isa = PBXGroup;
			children = (
				9C64C82824819663004624E0 /* Fonts */,
				9C64C8182481891A004624E0 /* CoreData */,
				9C64C81324818842004624E0 /* LaunchScreen */,
				9C64C810248187FB004624E0 /* Home */,
				9C64C81124818829004624E0 /* All Products */,
				9C64C81224818834004624E0 /* Settings */,
				9C64C7FF248186A4004624E0 /* Main.storyboard */,
				9C64C7F7248186A4004624E0 /* AppDelegate.swift */,
				9C64C7F9248186A4004624E0 /* SceneDelegate.swift */,
				9C64C805248186A8004624E0 /* Assets.xcassets */,
				9C64C80A248186A8004624E0 /* Info.plist */,
			);
			path = "MakeUp Kit";
			sourceTree = "<group>";
		};
		9C64C810248187FB004624E0 /* Home */ = {
			isa = PBXGroup;
			children = (
				9C64C81924818B71004624E0 /* Home.storyboard */,
				9C64C8352481AC07004624E0 /* HomeViewController.swift */,
				9C64C8372482BF2B004624E0 /* MySectionCollectionViewCell.swift */,
				9C64C8392482C468004624E0 /* Section.swift */,
				9C64C83B2482D0F9004624E0 /* MyKitViewController.swift */,
			);
			path = Home;
			sourceTree = "<group>";
		};
		9C64C81124818829004624E0 /* All Products */ = {
			isa = PBXGroup;
			children = (
				9C64C81624818913004624E0 /* AllProducts.storyboard */,
				9C64C83F2483023B004624E0 /* AllProductsViewController.swift */,
				9C64C84924830BEE004624E0 /* ProductDetailsViewController.swift */,
				9C64C84B24830C08004624E0 /* ProductCollectionViewCell.swift */,
				9C64C8412483042A004624E0 /* ProductRequest.swift */,
				9C64C843248304D4004624E0 /* ProductResponse.swift */,
				9C64C84524830513004624E0 /* imageDownload.swift */,
			);
			path = "All Products";
			sourceTree = "<group>";
		};
		9C64C81224818834004624E0 /* Settings */ = {
			isa = PBXGroup;
			children = (
				9C64C814248188D4004624E0 /* Settings.storyboard */,
			);
			path = Settings;
			sourceTree = "<group>";
		};
		9C64C81324818842004624E0 /* LaunchScreen */ = {
			isa = PBXGroup;
			children = (
				9C64C807248186A8004624E0 /* LaunchScreen.storyboard */,
			);
			path = LaunchScreen;
			sourceTree = "<group>";
		};
		9C64C8182481891A004624E0 /* CoreData */ = {
			isa = PBXGroup;
			children = (
				9C64C8472483055C004624E0 /* DBManager.swift */,
				9C64C802248186A4004624E0 /* MakeUp_Kit.xcdatamodeld */,
			);
			path = CoreData;
			sourceTree = "<group>";
		};
		9C64C82824819663004624E0 /* Fonts */ = {
			isa = PBXGroup;
			children = (
				9C64C83024819833004624E0 /* Poppins-Light.ttf */,
				9C64C83124819833004624E0 /* Poppins-Regular.ttf */,
				9C64C82F24819833004624E0 /* Poppins-SemiBold.ttf */,
			);
			path = Fonts;
			sourceTree = "<group>";
		};
		DDDC1DF56D8CE98ED1BC8704 /* Pods */ = {
			isa = PBXGroup;
			children = (
				2D845F8AEDBF7D1609FA74B1 /* Pods-MakeUp Kit.debug.xcconfig */,
				1BD07B2BAE348CDD7A3DFB9C /* Pods-MakeUp Kit.release.xcconfig */,
			);
			path = Pods;
			sourceTree = "<group>";
		};
/* End PBXGroup section */

/* Begin PBXNativeTarget section */
		9C64C7F3248186A4004624E0 /* MakeUp Kit */ = {
			isa = PBXNativeTarget;
			buildConfigurationList = 9C64C80D248186A8004624E0 /* Build configuration list for PBXNativeTarget "MakeUp Kit" */;
			buildPhases = (
				AF5AA82D041B5C153BA30FB7 /* [CP] Check Pods Manifest.lock */,
				9C64C7F0248186A4004624E0 /* Sources */,
				9C64C7F1248186A4004624E0 /* Frameworks */,
				9C64C7F2248186A4004624E0 /* Resources */,
				5CC431E2018934D39DAA6629 /* [CP] Embed Pods Frameworks */,
			);
			buildRules = (
			);
			dependencies = (
			);
			name = "MakeUp Kit";
			productName = "MakeUp Kit";
			productReference = 9C64C7F4248186A4004624E0 /* MakeUp Kit.app */;
			productType = "com.apple.product-type.application";
		};
/* End PBXNativeTarget section */

/* Begin PBXProject section */
		9C64C7EC248186A4004624E0 /* Project object */ = {
			isa = PBXProject;
			attributes = {
				LastSwiftUpdateCheck = 1140;
				LastUpgradeCheck = 1140;
				ORGANIZATIONNAME = "Alina Huk";
				TargetAttributes = {
					9C64C7F3248186A4004624E0 = {
						CreatedOnToolsVersion = 11.4;
					};
				};
			};
			buildConfigurationList = 9C64C7EF248186A4004624E0 /* Build configuration list for PBXProject "MakeUp Kit" */;
			compatibilityVersion = "Xcode 9.3";
			developmentRegion = en;
			hasScannedForEncodings = 0;
			knownRegions = (
				en,
				Base,
			);
			mainGroup = 9C64C7EB248186A4004624E0;
			productRefGroup = 9C64C7F5248186A4004624E0 /* Products */;
			projectDirPath = "";
			projectRoot = "";
			targets = (
				9C64C7F3248186A4004624E0 /* MakeUp Kit */,
			);
		};
/* End PBXProject section */

/* Begin PBXResourcesBuildPhase section */
		9C64C7F2248186A4004624E0 /* Resources */ = {
			isa = PBXResourcesBuildPhase;
			buildActionMask = 2147483647;
			files = (
				9C64C809248186A8004624E0 /* LaunchScreen.storyboard in Resources */,
				9C64C83224819833004624E0 /* Poppins-SemiBold.ttf in Resources */,
				9C64C81724818913004624E0 /* AllProducts.storyboard in Resources */,
				9C64C83424819833004624E0 /* Poppins-Regular.ttf in Resources */,
				9C64C83324819833004624E0 /* Poppins-Light.ttf in Resources */,
				9C64C806248186A8004624E0 /* Assets.xcassets in Resources */,
				9C64C81A24818B71004624E0 /* Home.storyboard in Resources */,
				9C64C801248186A4004624E0 /* Main.storyboard in Resources */,
				9C64C815248188D4004624E0 /* Settings.storyboard in Resources */,
			);
			runOnlyForDeploymentPostprocessing = 0;
		};
/* End PBXResourcesBuildPhase section */

/* Begin PBXShellScriptBuildPhase section */
		5CC431E2018934D39DAA6629 /* [CP] Embed Pods Frameworks */ = {
			isa = PBXShellScriptBuildPhase;
			buildActionMask = 2147483647;
			files = (
			);
			inputFileListPaths = (
				"${PODS_ROOT}/Target Support Files/Pods-MakeUp Kit/Pods-MakeUp Kit-frameworks-${CONFIGURATION}-input-files.xcfilelist",
			);
			name = "[CP] Embed Pods Frameworks";
			outputFileListPaths = (
				"${PODS_ROOT}/Target Support Files/Pods-MakeUp Kit/Pods-MakeUp Kit-frameworks-${CONFIGURATION}-output-files.xcfilelist",
			);
			runOnlyForDeploymentPostprocessing = 0;
			shellPath = /bin/sh;
			shellScript = "\"${PODS_ROOT}/Target Support Files/Pods-MakeUp Kit/Pods-MakeUp Kit-frameworks.sh\"\n";
			showEnvVarsInLog = 0;
		};
		AF5AA82D041B5C153BA30FB7 /* [CP] Check Pods Manifest.lock */ = {
			isa = PBXShellScriptBuildPhase;
			buildActionMask = 2147483647;
			files = (
			);
			inputFileListPaths = (
			);
			inputPaths = (
				"${PODS_PODFILE_DIR_PATH}/Podfile.lock",
				"${PODS_ROOT}/Manifest.lock",
			);
			name = "[CP] Check Pods Manifest.lock";
			outputFileListPaths = (
			);
			outputPaths = (
				"$(DERIVED_FILE_DIR)/Pods-MakeUp Kit-checkManifestLockResult.txt",
			);
			runOnlyForDeploymentPostprocessing = 0;
			shellPath = /bin/sh;
			shellScript = "diff \"${PODS_PODFILE_DIR_PATH}/Podfile.lock\" \"${PODS_ROOT}/Manifest.lock\" > /dev/null\nif [ $? != 0 ] ; then\n    # print error to STDERR\n    echo \"error: The sandbox is not in sync with the Podfile.lock. Run 'pod install' or update your CocoaPods installation.\" >&2\n    exit 1\nfi\n# This output is used by Xcode 'outputs' to avoid re-running this script phase.\necho \"SUCCESS\" > \"${SCRIPT_OUTPUT_FILE_0}\"\n";
			showEnvVarsInLog = 0;
		};
/* End PBXShellScriptBuildPhase section */

/* Begin PBXSourcesBuildPhase section */
		9C64C7F0248186A4004624E0 /* Sources */ = {
			isa = PBXSourcesBuildPhase;
			buildActionMask = 2147483647;
			files = (
				9C64C8382482BF2B004624E0 /* MySectionCollectionViewCell.swift in Sources */,
				9C64C83C2482D0F9004624E0 /* MyKitViewController.swift in Sources */,
				9C64C84C24830C08004624E0 /* ProductCollectionViewCell.swift in Sources */,
				9C64C804248186A4004624E0 /* MakeUp_Kit.xcdatamodeld in Sources */,
				9C64C7F8248186A4004624E0 /* AppDelegate.swift in Sources */,
				9C64C8422483042A004624E0 /* ProductRequest.swift in Sources */,
				9C64C83A2482C468004624E0 /* Section.swift in Sources */,
				9C64C844248304D4004624E0 /* ProductResponse.swift in Sources */,
				9C64C8482483055C004624E0 /* DBManager.swift in Sources */,
				9C64C7FA248186A4004624E0 /* SceneDelegate.swift in Sources */,
				9C64C84A24830BEE004624E0 /* ProductDetailsViewController.swift in Sources */,
				9C64C8402483023B004624E0 /* AllProductsViewController.swift in Sources */,
				9C64C84624830513004624E0 /* imageDownload.swift in Sources */,
				9C64C8362481AC07004624E0 /* HomeViewController.swift in Sources */,
			);
			runOnlyForDeploymentPostprocessing = 0;
		};
/* End PBXSourcesBuildPhase section */

/* Begin PBXVariantGroup section */
		9C64C7FF248186A4004624E0 /* Main.storyboard */ = {
			isa = PBXVariantGroup;
			children = (
				9C64C800248186A4004624E0 /* Base */,
			);
			name = Main.storyboard;
			sourceTree = "<group>";
		};
		9C64C807248186A8004624E0 /* LaunchScreen.storyboard */ = {
			isa = PBXVariantGroup;
			children = (
				9C64C808248186A8004624E0 /* Base */,
			);
			name = LaunchScreen.storyboard;
			sourceTree = "<group>";
		};
/* End PBXVariantGroup section */

/* Begin XCBuildConfiguration section */
		9C64C80B248186A8004624E0 /* Debug */ = {
			isa = XCBuildConfiguration;
			buildSettings = {
				ALWAYS_SEARCH_USER_PATHS = NO;
				CLANG_ANALYZER_NONNULL = YES;
				CLANG_ANALYZER_NUMBER_OBJECT_CONVERSION = YES_AGGRESSIVE;
				CLANG_CXX_LANGUAGE_STANDARD = "gnu++14";
				CLANG_CXX_LIBRARY = "libc++";
				CLANG_ENABLE_MODULES = YES;
				CLANG_ENABLE_OBJC_ARC = YES;
				CLANG_ENABLE_OBJC_WEAK = YES;
				CLANG_WARN_BLOCK_CAPTURE_AUTORELEASING = YES;
				CLANG_WARN_BOOL_CONVERSION = YES;
				CLANG_WARN_COMMA = YES;
				CLANG_WARN_CONSTANT_CONVERSION = YES;
				CLANG_WARN_DEPRECATED_OBJC_IMPLEMENTATIONS = YES;
				CLANG_WARN_DIRECT_OBJC_ISA_USAGE = YES_ERROR;
				CLANG_WARN_DOCUMENTATION_COMMENTS = YES;
				CLANG_WARN_EMPTY_BODY = YES;
				CLANG_WARN_ENUM_CONVERSION = YES;
				CLANG_WARN_INFINITE_RECURSION = YES;
				CLANG_WARN_INT_CONVERSION = YES;
				CLANG_WARN_NON_LITERAL_NULL_CONVERSION = YES;
				CLANG_WARN_OBJC_IMPLICIT_RETAIN_SELF = YES;
				CLANG_WARN_OBJC_LITERAL_CONVERSION = YES;
				CLANG_WARN_OBJC_ROOT_CLASS = YES_ERROR;
				CLANG_WARN_RANGE_LOOP_ANALYSIS = YES;
				CLANG_WARN_STRICT_PROTOTYPES = YES;
				CLANG_WARN_SUSPICIOUS_MOVE = YES;
				CLANG_WARN_UNGUARDED_AVAILABILITY = YES_AGGRESSIVE;
				CLANG_WARN_UNREACHABLE_CODE = YES;
				CLANG_WARN__DUPLICATE_METHOD_MATCH = YES;
				COPY_PHASE_STRIP = NO;
				DEBUG_INFORMATION_FORMAT = dwarf;
				ENABLE_STRICT_OBJC_MSGSEND = YES;
				ENABLE_TESTABILITY = YES;
				GCC_C_LANGUAGE_STANDARD = gnu11;
				GCC_DYNAMIC_NO_PIC = NO;
				GCC_NO_COMMON_BLOCKS = YES;
				GCC_OPTIMIZATION_LEVEL = 0;
				GCC_PREPROCESSOR_DEFINITIONS = (
					"DEBUG=1",
					"$(inherited)",
				);
				GCC_WARN_64_TO_32_BIT_CONVERSION = YES;
				GCC_WARN_ABOUT_RETURN_TYPE = YES_ERROR;
				GCC_WARN_UNDECLARED_SELECTOR = YES;
				GCC_WARN_UNINITIALIZED_AUTOS = YES_AGGRESSIVE;
				GCC_WARN_UNUSED_FUNCTION = YES;
				GCC_WARN_UNUSED_VARIABLE = YES;
				IPHONEOS_DEPLOYMENT_TARGET = 13.4;
				MTL_ENABLE_DEBUG_INFO = INCLUDE_SOURCE;
				MTL_FAST_MATH = YES;
				ONLY_ACTIVE_ARCH = YES;
				SDKROOT = iphoneos;
				SWIFT_ACTIVE_COMPILATION_CONDITIONS = DEBUG;
				SWIFT_OPTIMIZATION_LEVEL = "-Onone";
			};
			name = Debug;
		};
		9C64C80C248186A8004624E0 /* Release */ = {
			isa = XCBuildConfiguration;
			buildSettings = {
				ALWAYS_SEARCH_USER_PATHS = NO;
				CLANG_ANALYZER_NONNULL = YES;
				CLANG_ANALYZER_NUMBER_OBJECT_CONVERSION = YES_AGGRESSIVE;
				CLANG_CXX_LANGUAGE_STANDARD = "gnu++14";
				CLANG_CXX_LIBRARY = "libc++";
				CLANG_ENABLE_MODULES = YES;
				CLANG_ENABLE_OBJC_ARC = YES;
				CLANG_ENABLE_OBJC_WEAK = YES;
				CLANG_WARN_BLOCK_CAPTURE_AUTORELEASING = YES;
				CLANG_WARN_BOOL_CONVERSION = YES;
				CLANG_WARN_COMMA = YES;
				CLANG_WARN_CONSTANT_CONVERSION = YES;
				CLANG_WARN_DEPRECATED_OBJC_IMPLEMENTATIONS = YES;
				CLANG_WARN_DIRECT_OBJC_ISA_USAGE = YES_ERROR;
				CLANG_WARN_DOCUMENTATION_COMMENTS = YES;
				CLANG_WARN_EMPTY_BODY = YES;
				CLANG_WARN_ENUM_CONVERSION = YES;
				CLANG_WARN_INFINITE_RECURSION = YES;
				CLANG_WARN_INT_CONVERSION = YES;
				CLANG_WARN_NON_LITERAL_NULL_CONVERSION = YES;
				CLANG_WARN_OBJC_IMPLICIT_RETAIN_SELF = YES;
				CLANG_WARN_OBJC_LITERAL_CONVERSION = YES;
				CLANG_WARN_OBJC_ROOT_CLASS = YES_ERROR;
				CLANG_WARN_RANGE_LOOP_ANALYSIS = YES;
				CLANG_WARN_STRICT_PROTOTYPES = YES;
				CLANG_WARN_SUSPICIOUS_MOVE = YES;
				CLANG_WARN_UNGUARDED_AVAILABILITY = YES_AGGRESSIVE;
				CLANG_WARN_UNREACHABLE_CODE = YES;
				CLANG_WARN__DUPLICATE_METHOD_MATCH = YES;
				COPY_PHASE_STRIP = NO;
				DEBUG_INFORMATION_FORMAT = "dwarf-with-dsym";
				ENABLE_NS_ASSERTIONS = NO;
				ENABLE_STRICT_OBJC_MSGSEND = YES;
				GCC_C_LANGUAGE_STANDARD = gnu11;
				GCC_NO_COMMON_BLOCKS = YES;
				GCC_WARN_64_TO_32_BIT_CONVERSION = YES;
				GCC_WARN_ABOUT_RETURN_TYPE = YES_ERROR;
				GCC_WARN_UNDECLARED_SELECTOR = YES;
				GCC_WARN_UNINITIALIZED_AUTOS = YES_AGGRESSIVE;
				GCC_WARN_UNUSED_FUNCTION = YES;
				GCC_WARN_UNUSED_VARIABLE = YES;
				IPHONEOS_DEPLOYMENT_TARGET = 13.4;
				MTL_ENABLE_DEBUG_INFO = NO;
				MTL_FAST_MATH = YES;
				SDKROOT = iphoneos;
				SWIFT_COMPILATION_MODE = wholemodule;
				SWIFT_OPTIMIZATION_LEVEL = "-O";
				VALIDATE_PRODUCT = YES;
			};
			name = Release;
		};
		9C64C80E248186A8004624E0 /* Debug */ = {
			isa = XCBuildConfiguration;
			baseConfigurationReference = 2D845F8AEDBF7D1609FA74B1 /* Pods-MakeUp Kit.debug.xcconfig */;
			buildSettings = {
				ASSETCATALOG_COMPILER_APPICON_NAME = AppIcon;
				CODE_SIGN_STYLE = Automatic;
				DEVELOPMENT_TEAM = GVU9LXV274;
				INFOPLIST_FILE = "MakeUp Kit/Info.plist";
				LD_RUNPATH_SEARCH_PATHS = (
					"$(inherited)",
					"@executable_path/Frameworks",
				);
				PRODUCT_BUNDLE_IDENTIFIER = "com.AlinaHuk.MakeUp-Kit";
				PRODUCT_NAME = "$(TARGET_NAME)";
				SWIFT_VERSION = 5.0;
				TARGETED_DEVICE_FAMILY = 1;
			};
			name = Debug;
		};
		9C64C80F248186A8004624E0 /* Release */ = {
			isa = XCBuildConfiguration;
			baseConfigurationReference = 1BD07B2BAE348CDD7A3DFB9C /* Pods-MakeUp Kit.release.xcconfig */;
			buildSettings = {
				ASSETCATALOG_COMPILER_APPICON_NAME = AppIcon;
				CODE_SIGN_STYLE = Automatic;
				DEVELOPMENT_TEAM = GVU9LXV274;
				INFOPLIST_FILE = "MakeUp Kit/Info.plist";
				LD_RUNPATH_SEARCH_PATHS = (
					"$(inherited)",
					"@executable_path/Frameworks",
				);
				PRODUCT_BUNDLE_IDENTIFIER = "com.AlinaHuk.MakeUp-Kit";
				PRODUCT_NAME = "$(TARGET_NAME)";
				SWIFT_VERSION = 5.0;
				TARGETED_DEVICE_FAMILY = 1;
			};
			name = Release;
		};
/* End XCBuildConfiguration section */

/* Begin XCConfigurationList section */
		9C64C7EF248186A4004624E0 /* Build configuration list for PBXProject "MakeUp Kit" */ = {
			isa = XCConfigurationList;
			buildConfigurations = (
				9C64C80B248186A8004624E0 /* Debug */,
				9C64C80C248186A8004624E0 /* Release */,
			);
			defaultConfigurationIsVisible = 0;
			defaultConfigurationName = Release;
		};
		9C64C80D248186A8004624E0 /* Build configuration list for PBXNativeTarget "MakeUp Kit" */ = {
			isa = XCConfigurationList;
			buildConfigurations = (
				9C64C80E248186A8004624E0 /* Debug */,
				9C64C80F248186A8004624E0 /* Release */,
			);
			defaultConfigurationIsVisible = 0;
			defaultConfigurationName = Release;
		};
/* End XCConfigurationList section */

/* Begin XCVersionGroup section */
		9C64C802248186A4004624E0 /* MakeUp_Kit.xcdatamodeld */ = {
			isa = XCVersionGroup;
			children = (
				9C64C803248186A4004624E0 /* MakeUp_Kit.xcdatamodel */,
			);
			currentVersion = 9C64C803248186A4004624E0 /* MakeUp_Kit.xcdatamodel */;
			path = MakeUp_Kit.xcdatamodeld;
			sourceTree = "<group>";
			versionGroupType = wrapper.xcdatamodel;
		};
/* End XCVersionGroup section */
	};
	rootObject = 9C64C7EC248186A4004624E0 /* Project object */;
}
